
Microsoft Visual Studio Solution File, Format Version 12.00
# Visual Studio Version 16
VisualStudioVersion = 16.0.29209.62
MinimumVisualStudioVersion = 10.0.40219.1
Project("{9A19103F-16F7-4668-BE54-9A1E7A4F7556}") = "SCED", "src\SCED\SCED.csproj", "{BB09F1A3-53EA-4B88-BC28-FF533D10B6FC}"
EndProject
Project("{9A19103F-16F7-4668-BE54-9A1E7A4F7556}") = "SCEDReader.Tests", "tests\SCEDReader.Tests\SCEDReader.Tests.csproj", "{AF5AAB35-64CE-478C-A5F4-19062DFB8152}"
EndProject
Global
	GlobalSection(SolutionConfigurationPlatforms) = preSolution
		Debug|Any CPU = Debug|Any CPU
		Release|Any CPU = Release|Any CPU
	EndGlobalSection
	GlobalSection(ProjectConfigurationPlatforms) = postSolution
		{BB09F1A3-53EA-4B88-BC28-FF533D10B6FC}.Debug|Any CPU.ActiveCfg = Debug|Any CPU
		{BB09F1A3-53EA-4B88-BC28-FF533D10B6FC}.Debug|Any CPU.Build.0 = Debug|Any CPU
		{BB09F1A3-53EA-4B88-BC28-FF533D10B6FC}.Release|Any CPU.ActiveCfg = Release|Any CPU
		{BB09F1A3-53EA-4B88-BC28-FF533D10B6FC}.Release|Any CPU.Build.0 = Release|Any CPU
		{AF5AAB35-64CE-478C-A5F4-19062DFB8152}.Debug|Any CPU.ActiveCfg = Debug|Any CPU
		{AF5AAB35-64CE-478C-A5F4-19062DFB8152}.Debug|Any CPU.Build.0 = Debug|Any CPU
		{AF5AAB35-64CE-478C-A5F4-19062DFB8152}.Release|Any CPU.ActiveCfg = Release|Any CPU
		{AF5AAB35-64CE-478C-A5F4-19062DFB8152}.Release|Any CPU.Build.0 = Release|Any CPU
	EndGlobalSection
	GlobalSection(SolutionProperties) = preSolution
		HideSolutionNode = FALSE
	EndGlobalSection
	GlobalSection(ExtensibilityGlobals) = postSolution
		SolutionGuid = {1772C5B3-C9F5-4625-92DC-869400E29FFE}
	EndGlobalSection
EndGlobal
